
Microsoft Visual Studio Solution File, Format Version 12.00
# Visual Studio Version 16
VisualStudioVersion = 16.0.31729.503
MinimumVisualStudioVersion = 10.0.40219.1
Project("{FAE04EC0-301F-11D3-BF4B-00C04F79EFBC}") = "bufe_satis", "bufe_satis\bufe_satis.csproj", "{0AE63067-92D8-41E8-9695-9E9303357025}"
EndProject
Global
	GlobalSection(SolutionConfigurationPlatforms) = preSolution
		Debug|Any CPU = Debug|Any CPU
		Release|Any CPU = Release|Any CPU
	EndGlobalSection
	GlobalSection(ProjectConfigurationPlatforms) = postSolution
		{0AE63067-92D8-41E8-9695-9E9303357025}.Debug|Any CPU.ActiveCfg = Debug|Any CPU
		{0AE63067-92D8-41E8-9695-9E9303357025}.Debug|Any CPU.Build.0 = Debug|Any CPU
		{0AE63067-92D8-41E8-9695-9E9303357025}.Release|Any CPU.ActiveCfg = Release|Any CPU
		{0AE63067-92D8-41E8-9695-9E9303357025}.Release|Any CPU.Build.0 = Release|Any CPU
	EndGlobalSection
	GlobalSection(SolutionProperties) = preSolution
		HideSolutionNode = FALSE
	EndGlobalSection
	GlobalSection(ExtensibilityGlobals) = postSolution
		SolutionGuid = {1C4919C2-D65B-4ABF-90D6-026E59CD8327}
	EndGlobalSection
EndGlobal
